{
  "name": "noodl-ui",
  "version": "0.1.130",
  "lockfileVersion": 2,
  "requires": true,
  "packages": {
    "": {
      "name": "noodl-ui",
      "version": "0.1.130",
      "license": "MIT",
      "dependencies": {
        "noodl-action-chain": "*",
        "noodl-types": "*",
        "noodl-ui-test-utils": "*",
        "noodl-utils": "*",
        "signature_pad": "^4.0.7"
      },
      "engines": {
        "node": ">=14",
        "npm": ">=6"
      }
    },
    "../noodl-action-chain": {
      "version": "0.0.109",
      "license": "ISC",
      "dependencies": {
        "noodl-types": "^1.0.218"
      }
    },
    "../noodl-action-chain/node_modules/noodl-types": {
      "resolved": "../noodl-types",
      "link": true
    },
    "../noodl-types": {
      "version": "1.0.218",
      "license": "ISC",
      "devDependencies": {
        "tslib": "^2.4.0"
      },
      "engines": {
        "node": ">=14",
        "npm": ">=6"
      }
    },
    "../noodl-ui-test-utils": {
      "version": "0.0.13",
      "license": "ISC",
      "dependencies": {
        "noodl-types": "*"
      }
    },
    "../noodl-ui-test-utils/node_modules/noodl-types": {
      "resolved": "../noodl-types",
      "link": true
    },
    "../noodl-utils": {
      "version": "0.0.91",
      "license": "ISC",
      "dependencies": {
        "noodl-types": "*"
      },
      "engines": {
        "node": ">=14",
        "npm": ">=7"
      }
    },
    "../noodl-utils/node_modules/noodl-types": {
      "resolved": "../noodl-types",
      "link": true
    },
    "node_modules/noodl-action-chain": {
      "resolved": "../noodl-action-chain",
      "link": true
    },
    "node_modules/noodl-types": {
      "resolved": "../noodl-types",
      "link": true
    },
    "node_modules/noodl-ui-test-utils": {
      "resolved": "../noodl-ui-test-utils",
      "link": true
    },
    "node_modules/noodl-utils": {
      "resolved": "../noodl-utils",
      "link": true
    },
    "node_modules/signature_pad": {
      "version": "4.0.7",
      "resolved": "https://registry.npmjs.org/signature_pad/-/signature_pad-4.0.7.tgz",
      "integrity": "sha512-2edcoEa6hDKeu/cIEda841Zhf8o3AyIscebzTJQdrBszSRRUvhbgqScNGmZuzo4iWn5FWYfFF6zZEl7mqvp8gA=="
    }
  },
  "dependencies": {
    "noodl-action-chain": {
      "version": "file:../noodl-action-chain",
      "requires": {
        "noodl-types": "^1.0.218"
      },
      "dependencies": {
        "noodl-types": {
          "version": "file:../noodl-types",
          "requires": {
            "tslib": "^2.4.0"
          }
        }
      }
    },
    "noodl-types": {
      "version": "file:../noodl-types",
      "requires": {
        "tslib": "^2.4.0"
      }
    },
    "noodl-ui-test-utils": {
      "version": "file:../noodl-ui-test-utils",
      "requires": {
        "noodl-types": "*"
      },
      "dependencies": {
        "noodl-types": {
          "version": "file:../noodl-types",
          "requires": {
            "tslib": "^2.4.0"
          }
        }
      }
    },
    "noodl-utils": {
      "version": "file:../noodl-utils",
      "requires": {
        "noodl-types": "*"
      },
      "dependencies": {
        "noodl-types": {
          "version": "file:../noodl-types",
          "requires": {
            "tslib": "^2.4.0"
          }
        }
      }
    },
    "signature_pad": {
      "version": "4.0.7",
      "resolved": "https://registry.npmjs.org/signature_pad/-/signature_pad-4.0.7.tgz",
      "integrity": "sha512-2edcoEa6hDKeu/cIEda841Zhf8o3AyIscebzTJQdrBszSRRUvhbgqScNGmZuzo4iWn5FWYfFF6zZEl7mqvp8gA=="
    }
  }
}
