{
	"name": "noodl-ui",
	"version": "0.1.134",
	"lockfileVersion": 2,
	"requires": true,
	"packages": {
		"": {
			"version": "0.1.134",
			"license": "MIT",
			"dependencies": {
				"signature_pad": "^4.0.7"
			},
			"devDependencies": {
				"@types/signature_pad": "^2.3.2"
			},
			"engines": {
				"node": ">=14",
				"npm": ">=6"
			}
		},
		"node_modules/@types/signature_pad": {
			"version": "2.3.2",
			"resolved": "https://registry.npmjs.org/@types/signature_pad/-/signature_pad-2.3.2.tgz",
			"integrity": "sha512-dDfWIgRcdzAaeVOpLRmLHIumGwc5inSD4Dj2Duis3yUEoSADZECLJHKkUQphbaANQ7kSC2bkf1JzyBPSmTlrPQ==",
			"dev": true
		},
		"node_modules/signature_pad": {
			"version": "4.0.7",
			"resolved": "https://registry.npmjs.org/signature_pad/-/signature_pad-4.0.7.tgz",
			"integrity": "sha512-2edcoEa6hDKeu/cIEda841Zhf8o3AyIscebzTJQdrBszSRRUvhbgqScNGmZuzo4iWn5FWYfFF6zZEl7mqvp8gA=="
		}
	},
	"dependencies": {
		"@types/signature_pad": {
			"version": "2.3.2",
			"resolved": "https://registry.npmjs.org/@types/signature_pad/-/signature_pad-2.3.2.tgz",
			"integrity": "sha512-dDfWIgRcdzAaeVOpLRmLHIumGwc5inSD4Dj2Duis3yUEoSADZECLJHKkUQphbaANQ7kSC2bkf1JzyBPSmTlrPQ==",
			"dev": true
		},
		"signature_pad": {
			"version": "4.0.7",
			"resolved": "https://registry.npmjs.org/signature_pad/-/signature_pad-4.0.7.tgz",
			"integrity": "sha512-2edcoEa6hDKeu/cIEda841Zhf8o3AyIscebzTJQdrBszSRRUvhbgqScNGmZuzo4iWn5FWYfFF6zZEl7mqvp8gA=="
		}
	}
}
