{
  "name": "noodl-ui",
  "version": "0.1.149",
  "lockfileVersion": 2,
  "requires": true,
  "packages": {
    "": {
      "version": "0.1.149",
      "license": "MIT",
      "dependencies": {
        "noodl-action-chain": "^0.0.126",
        "noodl-types": "^1.0.235",
        "noodl-ui-test-utils": "^0.0.23",
        "noodl-utils": "^0.0.108",
        "signature_pad": "^4.0.7"
      },
      "devDependencies": {
        "@types/signature_pad": "^2.3.2"
      },
      "engines": {
        "node": ">=14",
        "npm": ">=6"
      }
    },
    "node_modules/@types/signature_pad": {
      "version": "2.3.2",
      "resolved": "https://registry.npmjs.org/@types/signature_pad/-/signature_pad-2.3.2.tgz",
      "integrity": "sha512-dDfWIgRcdzAaeVOpLRmLHIumGwc5inSD4Dj2Duis3yUEoSADZECLJHKkUQphbaANQ7kSC2bkf1JzyBPSmTlrPQ==",
      "dev": true
    },
    "node_modules/noodl-action-chain": {
      "version": "0.0.126",
      "resolved": "https://registry.npmjs.org/noodl-action-chain/-/noodl-action-chain-0.0.126.tgz",
      "integrity": "sha512-onyXiP1oSQcrqv5QiHd2QmDqNNeNVCuQjknyU1QqLDs8YIwgBwA2mmo8+RpnOZtbE8XLhK5k6JWSPxXZlp4bwQ==",
      "dependencies": {
        "noodl-types": "^1.0.235"
      }
    },
    "node_modules/noodl-types": {
      "version": "1.0.235",
      "resolved": "https://registry.npmjs.org/noodl-types/-/noodl-types-1.0.235.tgz",
      "integrity": "sha512-1UH63uuLJX3PGbj8Wdo9dUkg5o8u1AyZifUltrA/c50AKqiagjQTH5YzxZ1ByPZwT8tn0OMsyH76Lwdu3uZvFQ==",
      "engines": {
        "node": ">=14",
        "npm": ">=6"
      }
    },
    "node_modules/noodl-ui-test-utils": {
      "version": "0.0.23",
      "license": "ISC",
      "dependencies": {
        "noodl-types": "^1.0.224"
      }
    },
    "node_modules/noodl-utils": {
      "version": "0.0.108",
      "resolved": "https://registry.npmjs.org/noodl-utils/-/noodl-utils-0.0.108.tgz",
      "integrity": "sha512-CA7olHoPpS0QlohGYZTPkE3eatyxCIQRko9EPuZ1mqiUPWY9MnsbwuxaMuOXknmv89qx+xgzwCCZXI+l/ld8Vw==",
      "dependencies": {
        "noodl-types": "^1.0.235"
      },
      "engines": {
        "node": ">=14",
        "npm": ">=7"
      }
    },
    "node_modules/signature_pad": {
      "version": "4.0.7",
      "resolved": "https://registry.npmjs.org/signature_pad/-/signature_pad-4.0.7.tgz",
      "integrity": "sha512-2edcoEa6hDKeu/cIEda841Zhf8o3AyIscebzTJQdrBszSRRUvhbgqScNGmZuzo4iWn5FWYfFF6zZEl7mqvp8gA=="
    }
  },
  "dependencies": {
    "@types/signature_pad": {
      "version": "2.3.2",
      "resolved": "https://registry.npmjs.org/@types/signature_pad/-/signature_pad-2.3.2.tgz",
      "integrity": "sha512-dDfWIgRcdzAaeVOpLRmLHIumGwc5inSD4Dj2Duis3yUEoSADZECLJHKkUQphbaANQ7kSC2bkf1JzyBPSmTlrPQ==",
      "dev": true
    },
    "noodl-action-chain": {
      "version": "0.0.126",
      "resolved": "https://registry.npmjs.org/noodl-action-chain/-/noodl-action-chain-0.0.126.tgz",
      "integrity": "sha512-onyXiP1oSQcrqv5QiHd2QmDqNNeNVCuQjknyU1QqLDs8YIwgBwA2mmo8+RpnOZtbE8XLhK5k6JWSPxXZlp4bwQ==",
      "requires": {
        "noodl-types": "^1.0.235"
      }
    },
    "noodl-types": {
      "version": "1.0.235",
      "resolved": "https://registry.npmjs.org/noodl-types/-/noodl-types-1.0.235.tgz",
      "integrity": "sha512-1UH63uuLJX3PGbj8Wdo9dUkg5o8u1AyZifUltrA/c50AKqiagjQTH5YzxZ1ByPZwT8tn0OMsyH76Lwdu3uZvFQ=="
    },
    "noodl-ui-test-utils": {
      "version": "0.0.23",
      "requires": {
        "noodl-types": "^1.0.224"
      }
    },
    "noodl-utils": {
      "version": "0.0.108",
      "resolved": "https://registry.npmjs.org/noodl-utils/-/noodl-utils-0.0.108.tgz",
      "integrity": "sha512-CA7olHoPpS0QlohGYZTPkE3eatyxCIQRko9EPuZ1mqiUPWY9MnsbwuxaMuOXknmv89qx+xgzwCCZXI+l/ld8Vw==",
      "requires": {
        "noodl-types": "^1.0.235"
      }
    },
    "signature_pad": {
      "version": "4.0.7",
      "resolved": "https://registry.npmjs.org/signature_pad/-/signature_pad-4.0.7.tgz",
      "integrity": "sha512-2edcoEa6hDKeu/cIEda841Zhf8o3AyIscebzTJQdrBszSRRUvhbgqScNGmZuzo4iWn5FWYfFF6zZEl7mqvp8gA=="
    }
  }
}
