{
  "name": "noodl-yaml",
  "version": "0.0.38",
  "lockfileVersion": 2,
  "requires": true,
  "packages": {
    "": {
      "version": "0.0.38",
      "license": "MIT",
      "dependencies": {
        "noodl-core": "*",
        "noodl-test-utils": "*",
        "noodl-types": "*",
        "noodl-ui": "*",
        "noodl-utils": "*"
      },
      "devDependencies": {
        "sinon": "^14.0.1"
      }
    },
    "../noodl-action-chain": {
      "version": "0.0.139",
      "license": "ISC",
      "dependencies": {
        "noodl-types": "^1.0.248"
      }
    },
    "../noodl-action-chain/node_modules/noodl-types": {
      "resolved": "../noodl-types",
      "link": true
    },
    "../noodl-core": {
      "version": "0.1.42",
      "license": "MIT",
      "dependencies": {
        "noodl-types": "^1.0.248"
      }
    },
    "../noodl-core/node_modules/noodl-types": {
      "resolved": "../noodl-types",
      "link": true
    },
    "../noodl-ui": {
      "version": "0.1.207",
      "license": "MIT",
      "dependencies": {
        "noodl-action-chain": "^0.0.139",
        "noodl-common": "^0.0.58",
        "noodl-test-utils": "^0.0.12",
        "noodl-types": "*",
        "noodl-utils": "^0.0.121",
        "signature_pad": "^4.0.7"
      },
      "devDependencies": {
        "@testing-library/dom": "^8.16.0",
        "@types/signature_pad": "^2.3.2"
      },
      "engines": {
        "node": ">=14",
        "npm": ">=6"
      }
    },
    "../noodl-ui/node_modules/noodl-action-chain": {
      "resolved": "../noodl-action-chain",
      "link": true
    },
    "../noodl-ui/node_modules/noodl-test-utils": {
      "version": "0.0.12",
      "license": "ISC",
      "dependencies": {
        "noodl-types": "^1.0.254",
        "type-fest": "^3.0.0"
      }
    },
    "../noodl-ui/node_modules/noodl-test-utils/node_modules/noodl-types": {
      "version": "1.0.254",
      "license": "ISC",
      "engines": {
        "node": ">=14",
        "npm": ">=6"
      }
    },
    "../noodl-ui/node_modules/noodl-test-utils/node_modules/type-fest": {
      "version": "3.1.0",
      "license": "(MIT OR CC0-1.0)",
      "engines": {
        "node": ">=14.16"
      },
      "funding": {
        "url": "https://github.com/sponsors/sindresorhus"
      }
    },
    "../noodl-ui/node_modules/noodl-types": {
      "resolved": "../noodl-types",
      "link": true
    },
    "../noodl-ui/node_modules/noodl-utils": {
      "resolved": "../noodl-utils",
      "link": true
    },
    "../noodl-utils": {
      "version": "0.0.121",
      "license": "ISC",
      "dependencies": {
        "noodl-types": "^1.0.248"
      },
      "engines": {
        "node": ">=14",
        "npm": ">=7"
      }
    },
    "../noodl-utils/node_modules/noodl-types": {
      "resolved": "../noodl-types",
      "link": true
    },
    "node_modules/@sinonjs/commons": {
      "version": "1.8.3",
      "resolved": "https://registry.npmjs.org/@sinonjs/commons/-/commons-1.8.3.tgz",
      "integrity": "sha512-xkNcLAn/wZaX14RPlwizcKicDk9G3F8m2nU3L7Ukm5zBgTwiT0wsoFAHx9Jq56fJA1z/7uKGtCRu16sOUCLIHQ==",
      "dev": true,
      "dependencies": {
        "type-detect": "4.0.8"
      }
    },
    "node_modules/@sinonjs/fake-timers": {
      "version": "9.1.2",
      "resolved": "https://registry.npmjs.org/@sinonjs/fake-timers/-/fake-timers-9.1.2.tgz",
      "integrity": "sha512-BPS4ynJW/o92PUR4wgriz2Ud5gpST5vz6GQfMixEDK0Z8ZCUv2M7SkBLykH56T++Xs+8ln9zTGbOvNGIe02/jw==",
      "dev": true,
      "dependencies": {
        "@sinonjs/commons": "^1.7.0"
      }
    },
    "node_modules/@sinonjs/samsam": {
      "version": "6.1.1",
      "resolved": "https://registry.npmjs.org/@sinonjs/samsam/-/samsam-6.1.1.tgz",
      "integrity": "sha512-cZ7rKJTLiE7u7Wi/v9Hc2fs3Ucc3jrWeMgPHbbTCeVAB2S0wOBbYlkJVeNSL04i7fdhT8wIbDq1zhC/PXTD2SA==",
      "dev": true,
      "dependencies": {
        "@sinonjs/commons": "^1.6.0",
        "lodash.get": "^4.4.2",
        "type-detect": "^4.0.8"
      }
    },
    "node_modules/@sinonjs/text-encoding": {
      "version": "0.7.2",
      "resolved": "https://registry.npmjs.org/@sinonjs/text-encoding/-/text-encoding-0.7.2.tgz",
      "integrity": "sha512-sXXKG+uL9IrKqViTtao2Ws6dy0znu9sOaP1di/jKGW1M6VssO8vlpXCQcpZ+jisQ1tTFAC5Jo/EOzFbggBagFQ==",
      "dev": true
    },
    "node_modules/diff": {
      "version": "5.1.0",
      "resolved": "https://registry.npmjs.org/diff/-/diff-5.1.0.tgz",
      "integrity": "sha512-D+mk+qE8VC/PAUrlAU34N+VfXev0ghe5ywmpqrawphmVZc1bEfn56uo9qpyGp1p4xpzOHkSW4ztBd6L7Xx4ACw==",
      "dev": true,
      "engines": {
        "node": ">=0.3.1"
      }
    },
    "node_modules/has-flag": {
      "version": "4.0.0",
      "resolved": "https://registry.npmjs.org/has-flag/-/has-flag-4.0.0.tgz",
      "integrity": "sha512-EykJT/Q1KjTWctppgIAgfSO0tKVuZUjhgMr17kqTumMl6Afv3EISleU7qZUzoXDFTAHTDC4NOoG/ZxU3EvlMPQ==",
      "dev": true,
      "engines": {
        "node": ">=8"
      }
    },
    "node_modules/isarray": {
      "version": "0.0.1",
      "resolved": "https://registry.npmjs.org/isarray/-/isarray-0.0.1.tgz",
      "integrity": "sha512-D2S+3GLxWH+uhrNEcoh/fnmYeP8E8/zHl644d/jdA0g2uyXvy3sb0qxotE+ne0LtccHknQzWwZEzhak7oJ0COQ==",
      "dev": true
    },
    "node_modules/just-extend": {
      "version": "4.2.1",
      "resolved": "https://registry.npmjs.org/just-extend/-/just-extend-4.2.1.tgz",
      "integrity": "sha512-g3UB796vUFIY90VIv/WX3L2c8CS2MdWUww3CNrYmqza1Fg0DURc2K/O4YrnklBdQarSJ/y8JnJYDGc+1iumQjg==",
      "dev": true
    },
    "node_modules/lodash.get": {
      "version": "4.4.2",
      "resolved": "https://registry.npmjs.org/lodash.get/-/lodash.get-4.4.2.tgz",
      "integrity": "sha512-z+Uw/vLuy6gQe8cfaFWD7p0wVv8fJl3mbzXh33RS+0oW2wvUqiRXiQ69gLWSLpgB5/6sU+r6BlQR0MBILadqTQ==",
      "dev": true
    },
    "node_modules/nise": {
      "version": "5.1.1",
      "resolved": "https://registry.npmjs.org/nise/-/nise-5.1.1.tgz",
      "integrity": "sha512-yr5kW2THW1AkxVmCnKEh4nbYkJdB3I7LUkiUgOvEkOp414mc2UMaHMA7pjq1nYowhdoJZGwEKGaQVbxfpWj10A==",
      "dev": true,
      "dependencies": {
        "@sinonjs/commons": "^1.8.3",
        "@sinonjs/fake-timers": ">=5",
        "@sinonjs/text-encoding": "^0.7.1",
        "just-extend": "^4.0.2",
        "path-to-regexp": "^1.7.0"
      }
    },
    "node_modules/noodl-core": {
      "resolved": "../noodl-core",
      "link": true
    },
    "node_modules/noodl-test-utils": {
      "version": "0.0.12",
      "resolved": "https://registry.npmjs.org/noodl-test-utils/-/noodl-test-utils-0.0.12.tgz",
      "integrity": "sha512-CDMvAVxIaoJWxcfAgxr0r4tblmNsEfpmJDWwPJEWFUC9MPOPdiXYmOEytHSpBCI8h7OCUnHxh2ISk2Uc9t03Ag==",
      "dependencies": {
        "noodl-types": "^1.0.254",
        "type-fest": "^3.0.0"
      }
    },
    "node_modules/noodl-types": {
      "version": "1.0.254",
      "resolved": "https://registry.npmjs.org/noodl-types/-/noodl-types-1.0.254.tgz",
      "integrity": "sha512-9LMnI6RmcprS35JD0vR/H5wrPQA/OPsyn+WAq8PrIG3SOpiqXBChzwkLQHH1eBSK1nzgBEtUzCe4XgtH2q3/QA==",
      "engines": {
        "node": ">=14",
        "npm": ">=6"
      }
    },
    "node_modules/noodl-ui": {
      "resolved": "../noodl-ui",
      "link": true
    },
    "node_modules/noodl-utils": {
      "resolved": "../noodl-utils",
      "link": true
    },
    "node_modules/path-to-regexp": {
      "version": "1.8.0",
      "resolved": "https://registry.npmjs.org/path-to-regexp/-/path-to-regexp-1.8.0.tgz",
      "integrity": "sha512-n43JRhlUKUAlibEJhPeir1ncUID16QnEjNpwzNdO3Lm4ywrBpBZ5oLD0I6br9evr1Y9JTqwRtAh7JLoOzAQdVA==",
      "dev": true,
      "dependencies": {
        "isarray": "0.0.1"
      }
    },
    "node_modules/sinon": {
      "version": "14.0.1",
      "resolved": "https://registry.npmjs.org/sinon/-/sinon-14.0.1.tgz",
      "integrity": "sha512-JhJ0jCiyBWVAHDS+YSjgEbDn7Wgz9iIjA1/RK+eseJN0vAAWIWiXBdrnb92ELPyjsfreCYntD1ORtLSfIrlvSQ==",
      "dev": true,
      "dependencies": {
        "@sinonjs/commons": "^1.8.3",
        "@sinonjs/fake-timers": "^9.1.2",
        "@sinonjs/samsam": "^6.1.1",
        "diff": "^5.0.0",
        "nise": "^5.1.1",
        "supports-color": "^7.2.0"
      },
      "funding": {
        "type": "opencollective",
        "url": "https://opencollective.com/sinon"
      }
    },
    "node_modules/supports-color": {
      "version": "7.2.0",
      "resolved": "https://registry.npmjs.org/supports-color/-/supports-color-7.2.0.tgz",
      "integrity": "sha512-qpCAvRl9stuOHveKsn7HncJRvv501qIacKzQlO/+Lwxc9+0q2wLyv4Dfvt80/DPn2pqOBsJdDiogXGR9+OvwRw==",
      "dev": true,
      "dependencies": {
        "has-flag": "^4.0.0"
      },
      "engines": {
        "node": ">=8"
      }
    },
    "node_modules/type-detect": {
      "version": "4.0.8",
      "resolved": "https://registry.npmjs.org/type-detect/-/type-detect-4.0.8.tgz",
      "integrity": "sha512-0fr/mIH1dlO+x7TlcMy+bIDqKPsw/70tVyeHW787goQjhmqaZe10uwLujubK9q9Lg6Fiho1KUKDYz0Z7k7g5/g==",
      "dev": true,
      "engines": {
        "node": ">=4"
      }
    },
    "node_modules/type-fest": {
      "version": "3.1.0",
      "resolved": "https://registry.npmjs.org/type-fest/-/type-fest-3.1.0.tgz",
      "integrity": "sha512-StmrZmK3eD9mDF9Vt7UhqthrDSk66O9iYl5t5a0TSoVkHjl0XZx/xuc/BRz4urAXXGHOY5OLsE0RdJFIApSFmw==",
      "engines": {
        "node": ">=14.16"
      },
      "funding": {
        "url": "https://github.com/sponsors/sindresorhus"
      }
    }
  },
  "dependencies": {
    "@sinonjs/commons": {
      "version": "1.8.3",
      "resolved": "https://registry.npmjs.org/@sinonjs/commons/-/commons-1.8.3.tgz",
      "integrity": "sha512-xkNcLAn/wZaX14RPlwizcKicDk9G3F8m2nU3L7Ukm5zBgTwiT0wsoFAHx9Jq56fJA1z/7uKGtCRu16sOUCLIHQ==",
      "dev": true,
      "requires": {
        "type-detect": "4.0.8"
      }
    },
    "@sinonjs/fake-timers": {
      "version": "9.1.2",
      "resolved": "https://registry.npmjs.org/@sinonjs/fake-timers/-/fake-timers-9.1.2.tgz",
      "integrity": "sha512-BPS4ynJW/o92PUR4wgriz2Ud5gpST5vz6GQfMixEDK0Z8ZCUv2M7SkBLykH56T++Xs+8ln9zTGbOvNGIe02/jw==",
      "dev": true,
      "requires": {
        "@sinonjs/commons": "^1.7.0"
      }
    },
    "@sinonjs/samsam": {
      "version": "6.1.1",
      "resolved": "https://registry.npmjs.org/@sinonjs/samsam/-/samsam-6.1.1.tgz",
      "integrity": "sha512-cZ7rKJTLiE7u7Wi/v9Hc2fs3Ucc3jrWeMgPHbbTCeVAB2S0wOBbYlkJVeNSL04i7fdhT8wIbDq1zhC/PXTD2SA==",
      "dev": true,
      "requires": {
        "@sinonjs/commons": "^1.6.0",
        "lodash.get": "^4.4.2",
        "type-detect": "^4.0.8"
      }
    },
    "@sinonjs/text-encoding": {
      "version": "0.7.2",
      "resolved": "https://registry.npmjs.org/@sinonjs/text-encoding/-/text-encoding-0.7.2.tgz",
      "integrity": "sha512-sXXKG+uL9IrKqViTtao2Ws6dy0znu9sOaP1di/jKGW1M6VssO8vlpXCQcpZ+jisQ1tTFAC5Jo/EOzFbggBagFQ==",
      "dev": true
    },
    "diff": {
      "version": "5.1.0",
      "resolved": "https://registry.npmjs.org/diff/-/diff-5.1.0.tgz",
      "integrity": "sha512-D+mk+qE8VC/PAUrlAU34N+VfXev0ghe5ywmpqrawphmVZc1bEfn56uo9qpyGp1p4xpzOHkSW4ztBd6L7Xx4ACw==",
      "dev": true
    },
    "has-flag": {
      "version": "4.0.0",
      "resolved": "https://registry.npmjs.org/has-flag/-/has-flag-4.0.0.tgz",
      "integrity": "sha512-EykJT/Q1KjTWctppgIAgfSO0tKVuZUjhgMr17kqTumMl6Afv3EISleU7qZUzoXDFTAHTDC4NOoG/ZxU3EvlMPQ==",
      "dev": true
    },
    "isarray": {
      "version": "0.0.1",
      "resolved": "https://registry.npmjs.org/isarray/-/isarray-0.0.1.tgz",
      "integrity": "sha512-D2S+3GLxWH+uhrNEcoh/fnmYeP8E8/zHl644d/jdA0g2uyXvy3sb0qxotE+ne0LtccHknQzWwZEzhak7oJ0COQ==",
      "dev": true
    },
    "just-extend": {
      "version": "4.2.1",
      "resolved": "https://registry.npmjs.org/just-extend/-/just-extend-4.2.1.tgz",
      "integrity": "sha512-g3UB796vUFIY90VIv/WX3L2c8CS2MdWUww3CNrYmqza1Fg0DURc2K/O4YrnklBdQarSJ/y8JnJYDGc+1iumQjg==",
      "dev": true
    },
    "lodash.get": {
      "version": "4.4.2",
      "resolved": "https://registry.npmjs.org/lodash.get/-/lodash.get-4.4.2.tgz",
      "integrity": "sha512-z+Uw/vLuy6gQe8cfaFWD7p0wVv8fJl3mbzXh33RS+0oW2wvUqiRXiQ69gLWSLpgB5/6sU+r6BlQR0MBILadqTQ==",
      "dev": true
    },
    "nise": {
      "version": "5.1.1",
      "resolved": "https://registry.npmjs.org/nise/-/nise-5.1.1.tgz",
      "integrity": "sha512-yr5kW2THW1AkxVmCnKEh4nbYkJdB3I7LUkiUgOvEkOp414mc2UMaHMA7pjq1nYowhdoJZGwEKGaQVbxfpWj10A==",
      "dev": true,
      "requires": {
        "@sinonjs/commons": "^1.8.3",
        "@sinonjs/fake-timers": ">=5",
        "@sinonjs/text-encoding": "^0.7.1",
        "just-extend": "^4.0.2",
        "path-to-regexp": "^1.7.0"
      }
    },
    "noodl-core": {
      "version": "file:../noodl-core",
      "requires": {
        "noodl-types": "^1.0.248"
      },
      "dependencies": {
        "noodl-types": {
          "version": "1.0.248"
        }
      }
    },
    "noodl-test-utils": {
      "version": "0.0.12",
      "resolved": "https://registry.npmjs.org/noodl-test-utils/-/noodl-test-utils-0.0.12.tgz",
      "integrity": "sha512-CDMvAVxIaoJWxcfAgxr0r4tblmNsEfpmJDWwPJEWFUC9MPOPdiXYmOEytHSpBCI8h7OCUnHxh2ISk2Uc9t03Ag==",
      "requires": {
        "noodl-types": "^1.0.254",
        "type-fest": "^3.0.0"
      }
    },
    "noodl-types": {
      "version": "1.0.254",
      "resolved": "https://registry.npmjs.org/noodl-types/-/noodl-types-1.0.254.tgz",
      "integrity": "sha512-9LMnI6RmcprS35JD0vR/H5wrPQA/OPsyn+WAq8PrIG3SOpiqXBChzwkLQHH1eBSK1nzgBEtUzCe4XgtH2q3/QA=="
    },
    "noodl-ui": {
      "version": "file:../noodl-ui",
      "requires": {
        "@testing-library/dom": "^8.16.0",
        "@types/signature_pad": "^2.3.2",
        "noodl-action-chain": "^0.0.139",
        "noodl-common": "^0.0.58",
        "noodl-test-utils": "^0.0.12",
        "noodl-types": "*",
        "noodl-utils": "^0.0.121",
        "signature_pad": "^4.0.7"
      },
      "dependencies": {
        "noodl-action-chain": {
          "version": "file:../noodl-action-chain",
          "requires": {
            "noodl-types": "^1.0.248"
          },
          "dependencies": {
            "noodl-types": {
              "version": "1.0.248"
            }
          }
        },
        "noodl-test-utils": {
          "version": "0.0.12",
          "requires": {
            "noodl-types": "^1.0.254",
            "type-fest": "^3.0.0"
          },
          "dependencies": {
            "noodl-types": {
              "version": "1.0.254"
            },
            "type-fest": {
              "version": "3.1.0"
            }
          }
        },
        "noodl-types": {
          "version": "1.0.248"
        },
        "noodl-utils": {
          "version": "file:../noodl-utils",
          "requires": {
            "noodl-types": "^1.0.248"
          },
          "dependencies": {
            "noodl-types": {
              "version": "1.0.248"
            }
          }
        }
      }
    },
    "noodl-utils": {
      "version": "file:../noodl-utils",
      "requires": {
        "noodl-types": "^1.0.248"
      },
      "dependencies": {
        "noodl-types": {
          "version": "1.0.248"
        }
      }
    },
    "path-to-regexp": {
      "version": "1.8.0",
      "resolved": "https://registry.npmjs.org/path-to-regexp/-/path-to-regexp-1.8.0.tgz",
      "integrity": "sha512-n43JRhlUKUAlibEJhPeir1ncUID16QnEjNpwzNdO3Lm4ywrBpBZ5oLD0I6br9evr1Y9JTqwRtAh7JLoOzAQdVA==",
      "dev": true,
      "requires": {
        "isarray": "0.0.1"
      }
    },
    "sinon": {
      "version": "14.0.1",
      "resolved": "https://registry.npmjs.org/sinon/-/sinon-14.0.1.tgz",
      "integrity": "sha512-JhJ0jCiyBWVAHDS+YSjgEbDn7Wgz9iIjA1/RK+eseJN0vAAWIWiXBdrnb92ELPyjsfreCYntD1ORtLSfIrlvSQ==",
      "dev": true,
      "requires": {
        "@sinonjs/commons": "^1.8.3",
        "@sinonjs/fake-timers": "^9.1.2",
        "@sinonjs/samsam": "^6.1.1",
        "diff": "^5.0.0",
        "nise": "^5.1.1",
        "supports-color": "^7.2.0"
      }
    },
    "supports-color": {
      "version": "7.2.0",
      "resolved": "https://registry.npmjs.org/supports-color/-/supports-color-7.2.0.tgz",
      "integrity": "sha512-qpCAvRl9stuOHveKsn7HncJRvv501qIacKzQlO/+Lwxc9+0q2wLyv4Dfvt80/DPn2pqOBsJdDiogXGR9+OvwRw==",
      "dev": true,
      "requires": {
        "has-flag": "^4.0.0"
      }
    },
    "type-detect": {
      "version": "4.0.8",
      "resolved": "https://registry.npmjs.org/type-detect/-/type-detect-4.0.8.tgz",
      "integrity": "sha512-0fr/mIH1dlO+x7TlcMy+bIDqKPsw/70tVyeHW787goQjhmqaZe10uwLujubK9q9Lg6Fiho1KUKDYz0Z7k7g5/g==",
      "dev": true
    },
    "type-fest": {
      "version": "3.1.0",
      "resolved": "https://registry.npmjs.org/type-fest/-/type-fest-3.1.0.tgz",
      "integrity": "sha512-StmrZmK3eD9mDF9Vt7UhqthrDSk66O9iYl5t5a0TSoVkHjl0XZx/xuc/BRz4urAXXGHOY5OLsE0RdJFIApSFmw=="
    }
  }
}
